
Microsoft Visual Studio Solution File, Format Version 12.00
# Visual Studio Version 17
VisualStudioVersion = 17.6.33712.159
MinimumVisualStudioVersion = 10.0.40219.1
Project("{8BC9CEB8-8B4A-11D0-8D11-00A0C91BC942}") = "ConsoleApplication1", "ConsoleApplication1.vcxproj", "{93B24E21-82AB-4EEF-95D3-FD53655304BB}"
EndProject
Global
	GlobalSection(SolutionConfigurationPlatforms) = preSolution
		Debug|x64 = Debug|x64
		Debug|x86 = Debug|x86
		Release|x64 = Release|x64
		Release|x86 = Release|x86
	EndGlobalSection
	GlobalSection(ProjectConfigurationPlatforms) = postSolution
		{93B24E21-82AB-4EEF-95D3-FD53655304BB}.Debug|x64.ActiveCfg = Debug|x64
		{93B24E21-82AB-4EEF-95D3-FD53655304BB}.Debug|x64.Build.0 = Debug|x64
		{93B24E21-82AB-4EEF-95D3-FD53655304BB}.Debug|x86.ActiveCfg = Debug|Win32
		{93B24E21-82AB-4EEF-95D3-FD53655304BB}.Debug|x86.Build.0 = Debug|Win32
		{93B24E21-82AB-4EEF-95D3-FD53655304BB}.Release|x64.ActiveCfg = Release|x64
		{93B24E21-82AB-4EEF-95D3-FD53655304BB}.Release|x64.Build.0 = Release|x64
		{93B24E21-82AB-4EEF-95D3-FD53655304BB}.Release|x86.ActiveCfg = Release|Win32
		{93B24E21-82AB-4EEF-95D3-FD53655304BB}.Release|x86.Build.0 = Release|Win32
	EndGlobalSection
	GlobalSection(SolutionProperties) = preSolution
		HideSolutionNode = FALSE
	EndGlobalSection
	GlobalSection(ExtensibilityGlobals) = postSolution
		SolutionGuid = {8135A4F9-6762-456E-A55A-4920A3F054D3}
	EndGlobalSection
EndGlobal
